{
  "nodes": {
    "deploy-rs": {
      "inputs": {
        "flake-compat": [
          "flake-compat"
        ],
        "nixpkgs": [
          "nixpkgs"
        ],
        "utils": [
          "flake-utils"
        ]
      },
      "locked": {
        "lastModified": 1749105467,
        "narHash": "sha256-hXh76y/wDl15almBcqvjryB50B0BaiXJKk20f314RoE=",
        "owner": "serokell",
        "repo": "deploy-rs",
        "rev": "6bc76b872374845ba9d645a2f012b764fecd765f",
        "type": "github"
      },
      "original": {
        "owner": "serokell",
        "repo": "deploy-rs",
        "type": "github"
      }
    },
    "disko": {
      "inputs": {
        "nixpkgs": [
          "nixpkgs"
        ]
      },
      "locked": {
        "lastModified": 1749436314,
        "narHash": "sha256-CqmqU5FRg5AadtIkxwu8ulDSOSoIisUMZRLlcED3Q5w=",
        "owner": "nix-community",
        "repo": "disko",
        "rev": "dfa4d1b9c39c0342ef133795127a3af14598017a",
        "type": "github"
      },
      "original": {
        "owner": "nix-community",
        "repo": "disko",
        "type": "github"
      }
    },
    "flake-compat": {
      "locked": {
        "lastModified": 1733328505,
        "narHash": "sha256-NeCCThCEP3eCl2l/+27kNNK7QrwZB1IJCrXfrbv5oqU=",
        "rev": "ff81ac966bb2cae68946d5ed5fc4994f96d0ffec",
        "revCount": 69,
        "type": "tarball",
        "url": "https://api.flakehub.com/f/pinned/edolstra/flake-compat/1.1.0/01948eb7-9cba-704f-bbf3-3fa956735b52/source.tar.gz"
      },
      "original": {
        "type": "tarball",
        "url": "https://flakehub.com/f/edolstra/flake-compat/1.tar.gz"
      }
    },
    "flake-utils": {
      "inputs": {
        "systems": "systems"
      },
      "locked": {
        "lastModified": 1731533236,
        "narHash": "sha256-l0KFg5HjrsfsO/JpG+r7fRrqm12kzFHyUHqHCVpMMbI=",
        "owner": "numtide",
        "repo": "flake-utils",
        "rev": "11707dc2f618dd54ca8739b309ec4fc024de578b",
        "type": "github"
      },
      "original": {
        "owner": "numtide",
        "repo": "flake-utils",
        "type": "github"
      }
    },
    "flake-utils-plus": {
      "inputs": {
        "flake-utils": [
          "flake-utils"
        ]
      },
      "locked": {
        "lastModified": 1738591040,
        "narHash": "sha256-4WNeriUToshQ/L5J+dTSWC5OJIwT39SEP7V7oylndi8=",
        "owner": "gytis-ivaskevicius",
        "repo": "flake-utils-plus",
        "rev": "afcb15b845e74ac5e998358709b2b5fe42a948d1",
        "type": "github"
      },
      "original": {
        "owner": "gytis-ivaskevicius",
        "repo": "flake-utils-plus",
        "type": "github"
      }
    },
    "home-manager": {
      "inputs": {
        "nixpkgs": [
          "nixpkgs"
        ]
      },
      "locked": {
        "lastModified": 1749779443,
        "narHash": "sha256-r6YTIMprNCYcJcA4oZ0x1wPaHPPHUxb8CnyEeMkhGks=",
        "owner": "nix-community",
        "repo": "home-manager",
        "rev": "18f3a0d21c3739a242aafa17c04c5238bbab5a41",
        "type": "github"
      },
      "original": {
        "owner": "nix-community",
        "repo": "home-manager",
        "type": "github"
      }
    },
    "nil": {
      "inputs": {
        "nixpkgs": [
          "nixpkgs"
        ]
      },
      "locked": {
        "lastModified": 1749775029,
        "narHash": "sha256-P/WduIMypewJtPrlLZrz6J31XyMe1ANW+YQcb4Ltlt8=",
        "owner": "oxalica",
        "repo": "nil",
        "rev": "9e32aad822bab5a9a805927d52b72a9d21460e37",
        "type": "github"
      },
      "original": {
        "owner": "oxalica",
        "repo": "nil",
        "type": "github"
      }
    },
    "nixos-facter-modules": {
      "locked": {
        "lastModified": 1743671943,
        "narHash": "sha256-7sYig0+RcrR3sOL5M+2spbpFUHyEP7cnUvCaqFOBjyU=",
        "owner": "nix-community",
        "repo": "nixos-facter-modules",
        "rev": "58ad9691670d293a15221d4a78818e0088d2e086",
        "type": "github"
      },
      "original": {
        "owner": "nix-community",
        "repo": "nixos-facter-modules",
        "type": "github"
      }
    },
    "nixos-wsl": {
      "inputs": {
        "flake-compat": [
          "flake-compat"
        ],
        "nixpkgs": [
          "nixpkgs"
        ]
      },
      "locked": {
        "lastModified": 1749574455,
        "narHash": "sha256-fm2/8KPOYvvIAnNVtjDlTt/My00lIbZQ+LMrfQIWVzs=",
        "owner": "nix-community",
        "repo": "NixOS-WSL",
        "rev": "917af390377c573932d84b5e31dd9f2c1b5c0f09",
        "type": "github"
      },
      "original": {
        "owner": "nix-community",
        "repo": "NixOS-WSL",
        "type": "github"
      }
    },
    "opnix": {
      "inputs": {
        "flake-utils": [
          "flake-utils"
        ],
        "nixpkgs": [
          "nixpkgs"
        ]
      },
      "locked": {
        "lastModified": 1749134440,
        "narHash": "sha256-9RLdsOdidkQdjAX9WMTVuhrnUDYawxQdF841fhAC7Xw=",
        "owner": "brizzbuzz",
        "repo": "opnix",
        "rev": "e5ae90379bb23030b2569edcee12becdf961bc63",
        "type": "github"
      },
      "original": {
        "owner": "brizzbuzz",
        "repo": "opnix",
        "type": "github"
      }
    },
    "quadlet-nix": {
      "locked": {
        "lastModified": 1749099346,
        "narHash": "sha256-5gi/YaLVsFztGvVH45eB6jsBmZf+HnvDeSA9RXUqbcY=",
        "owner": "SEIAROTg",
        "repo": "quadlet-nix",
        "rev": "d4119a3423f938427252ba8bbdbe8ce040751864",
        "type": "github"
      },
      "original": {
        "owner": "SEIAROTg",
        "repo": "quadlet-nix",
        "type": "github"
      }
    },
    "root": {
      "inputs": {
        "deploy-rs": "deploy-rs",
        "disko": "disko",
        "flake-compat": "flake-compat",
        "flake-utils": "flake-utils",
        "flake-utils-plus": "flake-utils-plus",
        "home-manager": "home-manager",
        "nil": "nil",
        "nixos-facter-modules": "nixos-facter-modules",
        "nixos-wsl": "nixos-wsl",
        "nixpkgs": [
          "unstable"
        ],
        "opnix": "opnix",
        "quadlet-nix": "quadlet-nix",
        "snowfall-lib": "snowfall-lib",
        "sops-nix": "sops-nix",
        "unstable": "unstable"
      }
    },
    "snowfall-lib": {
      "inputs": {
        "flake-compat": [
          "flake-compat"
        ],
        "flake-utils-plus": [
          "flake-utils-plus"
        ],
        "nixpkgs": [
          "nixpkgs"
        ]
      },
      "locked": {
        "lastModified": 1736130495,
        "narHash": "sha256-4i9nAJEZFv7vZMmrE0YG55I3Ggrtfo5/T07JEpEZ/RM=",
        "owner": "snowfallorg",
        "repo": "lib",
        "rev": "02d941739f98a09e81f3d2d9b3ab08918958beac",
        "type": "github"
      },
      "original": {
        "owner": "snowfallorg",
        "repo": "lib",
        "type": "github"
      }
    },
    "sops-nix": {
      "inputs": {
        "nixpkgs": [
          "nixpkgs"
        ]
      },
      "locked": {
        "lastModified": 1749592509,
        "narHash": "sha256-VunQzfZFA+Y6x3wYi2UE4DEQ8qKoAZZCnZPUlSoqC+A=",
        "owner": "Mic92",
        "repo": "sops-nix",
        "rev": "50754dfaa0e24e313c626900d44ef431f3210138",
        "type": "github"
      },
      "original": {
        "owner": "Mic92",
        "repo": "sops-nix",
        "type": "github"
      }
    },
    "systems": {
      "locked": {
        "lastModified": 1681028828,
        "narHash": "sha256-Vy1rq5AaRuLzOxct8nz4T6wlgyUR7zLU309k9mBC768=",
        "owner": "nix-systems",
        "repo": "default",
        "rev": "da67096a3b9bf56a91d16901293e51ba5b49a27e",
        "type": "github"
      },
      "original": {
        "owner": "nix-systems",
        "repo": "default",
        "type": "github"
      }
    },
    "unstable": {
      "locked": {
        "lastModified": 1749285348,
        "narHash": "sha256-frdhQvPbmDYaScPFiCnfdh3B/Vh81Uuoo0w5TkWmmjU=",
        "owner": "NixOS",
        "repo": "nixpkgs",
        "rev": "3e3afe5174c561dee0df6f2c2b2236990146329f",
        "type": "github"
      },
      "original": {
        "owner": "NixOS",
        "ref": "nixos-unstable",
        "repo": "nixpkgs",
        "type": "github"
      }
    }
  },
  "root": "root",
  "version": 7
}
